
Microsoft Visual Studio Solution File, Format Version 12.00
# Visual Studio Version 17
VisualStudioVersion = 17.14.36203.30
MinimumVisualStudioVersion = 10.0.40219.1
Project("{FAE04EC0-301F-11D3-BF4B-00C04F79EFBC}") = "chapi-api", "chapi-api\chapi-api.csproj", "{883DB222-6746-47FB-B7DF-B4FF139BE369}"
EndProject
Global
	GlobalSection(SolutionConfigurationPlatforms) = preSolution
		Debug|Any CPU = Debug|Any CPU
		Release|Any CPU = Release|Any CPU
	EndGlobalSection
	GlobalSection(ProjectConfigurationPlatforms) = postSolution
		{883DB222-6746-47FB-B7DF-B4FF139BE369}.Debug|Any CPU.ActiveCfg = Debug|Any CPU
		{883DB222-6746-47FB-B7DF-B4FF139BE369}.Debug|Any CPU.Build.0 = Debug|Any CPU
		{883DB222-6746-47FB-B7DF-B4FF139BE369}.Release|Any CPU.ActiveCfg = Release|Any CPU
		{883DB222-6746-47FB-B7DF-B4FF139BE369}.Release|Any CPU.Build.0 = Release|Any CPU
	EndGlobalSection
	GlobalSection(SolutionProperties) = preSolution
		HideSolutionNode = FALSE
	EndGlobalSection
	GlobalSection(ExtensibilityGlobals) = postSolution
		SolutionGuid = {C318E21B-DDE9-4D25-BB29-D95E7A9DB48D}
	EndGlobalSection
EndGlobal
